
Microsoft Visual Studio Solution File, Format Version 12.00
# Visual Studio Version 17
VisualStudioVersion = 17.4.33110.190
MinimumVisualStudioVersion = 10.0.40219.1
Project("{FAE04EC0-301F-11D3-BF4B-00C04F79EFBC}") = "tema1mvp", "tema1mvp\tema1mvp.csproj", "{F2D1959F-B3BE-4858-BD7B-E4F001697301}"
EndProject
Global
	GlobalSection(SolutionConfigurationPlatforms) = preSolution
		Debug|Any CPU = Debug|Any CPU
		Release|Any CPU = Release|Any CPU
	EndGlobalSection
	GlobalSection(ProjectConfigurationPlatforms) = postSolution
		{F2D1959F-B3BE-4858-BD7B-E4F001697301}.Debug|Any CPU.ActiveCfg = Debug|Any CPU
		{F2D1959F-B3BE-4858-BD7B-E4F001697301}.Debug|Any CPU.Build.0 = Debug|Any CPU
		{F2D1959F-B3BE-4858-BD7B-E4F001697301}.Release|Any CPU.ActiveCfg = Release|Any CPU
		{F2D1959F-B3BE-4858-BD7B-E4F001697301}.Release|Any CPU.Build.0 = Release|Any CPU
	EndGlobalSection
	GlobalSection(SolutionProperties) = preSolution
		HideSolutionNode = FALSE
	EndGlobalSection
	GlobalSection(ExtensibilityGlobals) = postSolution
		SolutionGuid = {5EDCB624-341D-4885-9010-86ADAB75EAAA}
	EndGlobalSection
EndGlobal
